PODS:
  - SwiftLint (0.45.0)
  - Swinject (2.8.1)

DEPENDENCIES:
  - SwiftLint
  - Swinject

SPEC REPOS:
  trunk:
    - SwiftLint
    - Swinject

SPEC CHECKSUMS:
  SwiftLint: e5c7f1fba68eccfc51509d5b2ce1699f5502e0c7
  Swinject: 97112918bd7e0785dc2df7036213f3c8cbba6586

PODFILE CHECKSUM: 493dac2746a2da685b049d73866ec4e62628b3a5

COCOAPODS: 1.11.2
